
Microsoft Visual Studio Solution File, Format Version 12.00
# Visual Studio Version 16
VisualStudioVersion = 16.0.30907.101
MinimumVisualStudioVersion = 10.0.40219.1
Project("{FAE04EC0-301F-11D3-BF4B-00C04F79EFBC}") = "Desensitization", "Desensitization\Desensitization.csproj", "{E697916C-52F6-4A57-878E-8DAF363ADA23}"
EndProject
Project("{FAE04EC0-301F-11D3-BF4B-00C04F79EFBC}") = "Oscar.Desensitization", "Oscar.Desensitization\Oscar.Desensitization.csproj", "{6810697C-B3DD-48C6-BDB4-885DEEC4DFD0}"
EndProject
Project("{FAE04EC0-301F-11D3-BF4B-00C04F79EFBC}") = "Desensitization.Web", "Desensitization.Web\Desensitization.Web.csproj", "{B0A5CC4B-392A-4249-B1A8-3CD9B0EA348E}"
EndProject
Global
	GlobalSection(SolutionConfigurationPlatforms) = preSolution
		Debug|Any CPU = Debug|Any CPU
		Release|Any CPU = Release|Any CPU
	EndGlobalSection
	GlobalSection(ProjectConfigurationPlatforms) = postSolution
		{E697916C-52F6-4A57-878E-8DAF363ADA23}.Debug|Any CPU.ActiveCfg = Debug|Any CPU
		{E697916C-52F6-4A57-878E-8DAF363ADA23}.Debug|Any CPU.Build.0 = Debug|Any CPU
		{E697916C-52F6-4A57-878E-8DAF363ADA23}.Release|Any CPU.ActiveCfg = Release|Any CPU
		{E697916C-52F6-4A57-878E-8DAF363ADA23}.Release|Any CPU.Build.0 = Release|Any CPU
		{6810697C-B3DD-48C6-BDB4-885DEEC4DFD0}.Debug|Any CPU.ActiveCfg = Debug|Any CPU
		{6810697C-B3DD-48C6-BDB4-885DEEC4DFD0}.Debug|Any CPU.Build.0 = Debug|Any CPU
		{6810697C-B3DD-48C6-BDB4-885DEEC4DFD0}.Release|Any CPU.ActiveCfg = Release|Any CPU
		{6810697C-B3DD-48C6-BDB4-885DEEC4DFD0}.Release|Any CPU.Build.0 = Release|Any CPU
		{B0A5CC4B-392A-4249-B1A8-3CD9B0EA348E}.Debug|Any CPU.ActiveCfg = Debug|Any CPU
		{B0A5CC4B-392A-4249-B1A8-3CD9B0EA348E}.Debug|Any CPU.Build.0 = Debug|Any CPU
		{B0A5CC4B-392A-4249-B1A8-3CD9B0EA348E}.Release|Any CPU.ActiveCfg = Release|Any CPU
		{B0A5CC4B-392A-4249-B1A8-3CD9B0EA348E}.Release|Any CPU.Build.0 = Release|Any CPU
	EndGlobalSection
	GlobalSection(SolutionProperties) = preSolution
		HideSolutionNode = FALSE
	EndGlobalSection
	GlobalSection(ExtensibilityGlobals) = postSolution
		SolutionGuid = {B2397A02-D443-410E-9CD3-1355613B5D34}
	EndGlobalSection
EndGlobal
